
Microsoft Visual Studio Solution File, Format Version 12.00
# Visual Studio Version 16
VisualStudioVersion = 16.0.31112.23
MinimumVisualStudioVersion = 10.0.40219.1
Project("{2150E333-8FDC-42A3-9474-1A3956D46DE8}") = "Workers", "Workers", "{EEA817A4-5A2A-4170-BAC7-36D62959E424}"
EndProject
Project("{2150E333-8FDC-42A3-9474-1A3956D46DE8}") = "API.Rest", "API.Rest", "{2FAED116-F2B0-46A3-AF4A-D1AED11A8044}"
EndProject
Project("{2150E333-8FDC-42A3-9474-1A3956D46DE8}") = "Core", "Core", "{7B2443F7-DD4F-49A0-8809-96C669B829EF}"
EndProject
Project("{2150E333-8FDC-42A3-9474-1A3956D46DE8}") = "ProcessFiles", "ProcessFiles", "{BC7D68DC-D753-4999-870C-B0A53D4F1AFC}"
EndProject
Project("{2150E333-8FDC-42A3-9474-1A3956D46DE8}") = "DownloadFiles", "DownloadFiles", "{ED8E322E-E719-4D0C-A0F5-6B71F54E9EF4}"
EndProject
Project("{2150E333-8FDC-42A3-9474-1A3956D46DE8}") = "Tests", "Tests", "{EC8F76EF-C691-45CA-991B-9DD07D315274}"
EndProject
Project("{9A19103F-16F7-4668-BE54-9A1E7A4F7556}") = "CI.DownloadFiles.Worker", "src\CI.DownloadFiles.Worker\CI.DownloadFiles.Worker.csproj", "{67818FCE-1744-40E5-8D3D-91B6B4DAFAAA}"
EndProject
Project("{9A19103F-16F7-4668-BE54-9A1E7A4F7556}") = "CI.API.Rest", "src\CI.API.Rest\CI.API.Rest.csproj", "{5069DCA3-0B40-4446-A036-25CEDFAF9A60}"
EndProject
Project("{9A19103F-16F7-4668-BE54-9A1E7A4F7556}") = "CI.Core", "src\CI.Core\CI.Core.csproj", "{662DB8BE-88AE-4DC5-ADA4-DF41C0C537C7}"
EndProject
Project("{9A19103F-16F7-4668-BE54-9A1E7A4F7556}") = "CI.ProcessFiles.Worker", "src\CI.ProcessFiles.Worker\CI.ProcessFiles.Worker.csproj", "{1755AA0C-AA88-40BD-A1A3-C77CBCCBC4DC}"
EndProject
Project("{9A19103F-16F7-4668-BE54-9A1E7A4F7556}") = "CI.ProcessFiles.Domain", "src\CI.ProcessFiles.Domain\CI.ProcessFiles.Domain.csproj", "{31863737-A02B-4553-A23E-1F4046582FBD}"
EndProject
Project("{FAE04EC0-301F-11D3-BF4B-00C04F79EFBC}") = "CI.API.Rest.Domain", "src\CI.API.Rest.Domain\CI.API.Rest.Domain.csproj", "{7B9656BF-D45E-4EF6-9876-DEF8A5281C52}"
EndProject
Project("{FAE04EC0-301F-11D3-BF4B-00C04F79EFBC}") = "CI.ApiRest.Tests", "tests\CI.ApiRest.Tests\CI.ApiRest.Tests.csproj", "{10BC0BD9-D373-4196-A973-5B2C7EC4D0F8}"
EndProject
Global
	GlobalSection(SolutionConfigurationPlatforms) = preSolution
		Debug|Any CPU = Debug|Any CPU
		Release|Any CPU = Release|Any CPU
	EndGlobalSection
	GlobalSection(ProjectConfigurationPlatforms) = postSolution
		{67818FCE-1744-40E5-8D3D-91B6B4DAFAAA}.Debug|Any CPU.ActiveCfg = Debug|Any CPU
		{67818FCE-1744-40E5-8D3D-91B6B4DAFAAA}.Debug|Any CPU.Build.0 = Debug|Any CPU
		{67818FCE-1744-40E5-8D3D-91B6B4DAFAAA}.Release|Any CPU.ActiveCfg = Release|Any CPU
		{67818FCE-1744-40E5-8D3D-91B6B4DAFAAA}.Release|Any CPU.Build.0 = Release|Any CPU
		{5069DCA3-0B40-4446-A036-25CEDFAF9A60}.Debug|Any CPU.ActiveCfg = Debug|Any CPU
		{5069DCA3-0B40-4446-A036-25CEDFAF9A60}.Debug|Any CPU.Build.0 = Debug|Any CPU
		{5069DCA3-0B40-4446-A036-25CEDFAF9A60}.Release|Any CPU.ActiveCfg = Release|Any CPU
		{5069DCA3-0B40-4446-A036-25CEDFAF9A60}.Release|Any CPU.Build.0 = Release|Any CPU
		{662DB8BE-88AE-4DC5-ADA4-DF41C0C537C7}.Debug|Any CPU.ActiveCfg = Debug|Any CPU
		{662DB8BE-88AE-4DC5-ADA4-DF41C0C537C7}.Debug|Any CPU.Build.0 = Debug|Any CPU
		{662DB8BE-88AE-4DC5-ADA4-DF41C0C537C7}.Release|Any CPU.ActiveCfg = Release|Any CPU
		{662DB8BE-88AE-4DC5-ADA4-DF41C0C537C7}.Release|Any CPU.Build.0 = Release|Any CPU
		{1755AA0C-AA88-40BD-A1A3-C77CBCCBC4DC}.Debug|Any CPU.ActiveCfg = Debug|Any CPU
		{1755AA0C-AA88-40BD-A1A3-C77CBCCBC4DC}.Debug|Any CPU.Build.0 = Debug|Any CPU
		{1755AA0C-AA88-40BD-A1A3-C77CBCCBC4DC}.Release|Any CPU.ActiveCfg = Release|Any CPU
		{1755AA0C-AA88-40BD-A1A3-C77CBCCBC4DC}.Release|Any CPU.Build.0 = Release|Any CPU
		{31863737-A02B-4553-A23E-1F4046582FBD}.Debug|Any CPU.ActiveCfg = Debug|Any CPU
		{31863737-A02B-4553-A23E-1F4046582FBD}.Debug|Any CPU.Build.0 = Debug|Any CPU
		{31863737-A02B-4553-A23E-1F4046582FBD}.Release|Any CPU.ActiveCfg = Release|Any CPU
		{31863737-A02B-4553-A23E-1F4046582FBD}.Release|Any CPU.Build.0 = Release|Any CPU
		{7B9656BF-D45E-4EF6-9876-DEF8A5281C52}.Debug|Any CPU.ActiveCfg = Debug|Any CPU
		{7B9656BF-D45E-4EF6-9876-DEF8A5281C52}.Debug|Any CPU.Build.0 = Debug|Any CPU
		{7B9656BF-D45E-4EF6-9876-DEF8A5281C52}.Release|Any CPU.ActiveCfg = Release|Any CPU
		{7B9656BF-D45E-4EF6-9876-DEF8A5281C52}.Release|Any CPU.Build.0 = Release|Any CPU
		{10BC0BD9-D373-4196-A973-5B2C7EC4D0F8}.Debug|Any CPU.ActiveCfg = Debug|Any CPU
		{10BC0BD9-D373-4196-A973-5B2C7EC4D0F8}.Debug|Any CPU.Build.0 = Debug|Any CPU
		{10BC0BD9-D373-4196-A973-5B2C7EC4D0F8}.Release|Any CPU.ActiveCfg = Release|Any CPU
		{10BC0BD9-D373-4196-A973-5B2C7EC4D0F8}.Release|Any CPU.Build.0 = Release|Any CPU
	EndGlobalSection
	GlobalSection(SolutionProperties) = preSolution
		HideSolutionNode = FALSE
	EndGlobalSection
	GlobalSection(NestedProjects) = preSolution
		{BC7D68DC-D753-4999-870C-B0A53D4F1AFC} = {EEA817A4-5A2A-4170-BAC7-36D62959E424}
		{ED8E322E-E719-4D0C-A0F5-6B71F54E9EF4} = {EEA817A4-5A2A-4170-BAC7-36D62959E424}
		{67818FCE-1744-40E5-8D3D-91B6B4DAFAAA} = {ED8E322E-E719-4D0C-A0F5-6B71F54E9EF4}
		{5069DCA3-0B40-4446-A036-25CEDFAF9A60} = {2FAED116-F2B0-46A3-AF4A-D1AED11A8044}
		{662DB8BE-88AE-4DC5-ADA4-DF41C0C537C7} = {7B2443F7-DD4F-49A0-8809-96C669B829EF}
		{1755AA0C-AA88-40BD-A1A3-C77CBCCBC4DC} = {BC7D68DC-D753-4999-870C-B0A53D4F1AFC}
		{31863737-A02B-4553-A23E-1F4046582FBD} = {BC7D68DC-D753-4999-870C-B0A53D4F1AFC}
		{7B9656BF-D45E-4EF6-9876-DEF8A5281C52} = {2FAED116-F2B0-46A3-AF4A-D1AED11A8044}
		{10BC0BD9-D373-4196-A973-5B2C7EC4D0F8} = {EC8F76EF-C691-45CA-991B-9DD07D315274}
	EndGlobalSection
	GlobalSection(ExtensibilityGlobals) = postSolution
		SolutionGuid = {B8D2605E-C742-4799-96AF-313090B49057}
	EndGlobalSection
EndGlobal
